
Microsoft Visual Studio Solution File, Format Version 12.00
# Visual Studio Version 16
VisualStudioVersion = 16.0.31321.278
MinimumVisualStudioVersion = 10.0.40219.1
Project("{FAE04EC0-301F-11D3-BF4B-00C04F79EFBC}") = "bossio-juancruz-lppa-recuperatorio", "bossio-juancruz-lppa-recuperatorio.csproj", "{FFE641BB-9940-4D17-A1DF-A65EDD74BD37}"
EndProject
Global
	GlobalSection(SolutionConfigurationPlatforms) = preSolution
		Debug|Any CPU = Debug|Any CPU
		Release|Any CPU = Release|Any CPU
	EndGlobalSection
	GlobalSection(ProjectConfigurationPlatforms) = postSolution
		{FFE641BB-9940-4D17-A1DF-A65EDD74BD37}.Debug|Any CPU.ActiveCfg = Debug|Any CPU
		{FFE641BB-9940-4D17-A1DF-A65EDD74BD37}.Debug|Any CPU.Build.0 = Debug|Any CPU
		{FFE641BB-9940-4D17-A1DF-A65EDD74BD37}.Release|Any CPU.ActiveCfg = Release|Any CPU
		{FFE641BB-9940-4D17-A1DF-A65EDD74BD37}.Release|Any CPU.Build.0 = Release|Any CPU
	EndGlobalSection
	GlobalSection(SolutionProperties) = preSolution
		HideSolutionNode = FALSE
	EndGlobalSection
	GlobalSection(ExtensibilityGlobals) = postSolution
		SolutionGuid = {AD107B9A-8370-46C1-8924-443E97CEA34E}
	EndGlobalSection
EndGlobal
